
Microsoft Visual Studio Solution File, Format Version 12.00
# Visual Studio Version 16
VisualStudioVersion = 16.0.29806.167
MinimumVisualStudioVersion = 10.0.40219.1
Project("{9A19103F-16F7-4668-BE54-9A1E7A4F7556}") = "FlightManager.Web", "FlightManager.Web\FlightManager.Web.csproj", "{6BACDF5D-2D10-44D6-A80E-06A8E4F0B0B9}"
EndProject
Project("{FAE04EC0-301F-11D3-BF4B-00C04F79EFBC}") = "FlightManager.Data", "FlightManager.Data\FlightManager.Data.csproj", "{E575BA97-9502-4663-B290-020F8A19E935}"
EndProject
Global
	GlobalSection(SolutionConfigurationPlatforms) = preSolution
		Debug|Any CPU = Debug|Any CPU
		Release|Any CPU = Release|Any CPU
	EndGlobalSection
	GlobalSection(ProjectConfigurationPlatforms) = postSolution
		{6BACDF5D-2D10-44D6-A80E-06A8E4F0B0B9}.Debug|Any CPU.ActiveCfg = Debug|Any CPU
		{6BACDF5D-2D10-44D6-A80E-06A8E4F0B0B9}.Debug|Any CPU.Build.0 = Debug|Any CPU
		{6BACDF5D-2D10-44D6-A80E-06A8E4F0B0B9}.Release|Any CPU.ActiveCfg = Release|Any CPU
		{6BACDF5D-2D10-44D6-A80E-06A8E4F0B0B9}.Release|Any CPU.Build.0 = Release|Any CPU
		{E575BA97-9502-4663-B290-020F8A19E935}.Debug|Any CPU.ActiveCfg = Debug|Any CPU
		{E575BA97-9502-4663-B290-020F8A19E935}.Debug|Any CPU.Build.0 = Debug|Any CPU
		{E575BA97-9502-4663-B290-020F8A19E935}.Release|Any CPU.ActiveCfg = Release|Any CPU
		{E575BA97-9502-4663-B290-020F8A19E935}.Release|Any CPU.Build.0 = Release|Any CPU
	EndGlobalSection
	GlobalSection(SolutionProperties) = preSolution
		HideSolutionNode = FALSE
	EndGlobalSection
	GlobalSection(ExtensibilityGlobals) = postSolution
		SolutionGuid = {913C5BA6-3555-4716-BE4F-229DDC2640CA}
	EndGlobalSection
EndGlobal
